
Microsoft Visual Studio Solution File, Format Version 12.00
# Visual Studio Version 16
VisualStudioVersion = 16.0.32228.343
MinimumVisualStudioVersion = 10.0.40219.1
Project("{FAE04EC0-301F-11D3-BF4B-00C04F79EFBC}") = "technicalHW4", "technicalHW4\technicalHW4.csproj", "{1C424B20-5E0E-4B8E-AD62-D9163CFA38E5}"
EndProject
Global
	GlobalSection(SolutionConfigurationPlatforms) = preSolution
		Debug|Any CPU = Debug|Any CPU
		Release|Any CPU = Release|Any CPU
	EndGlobalSection
	GlobalSection(ProjectConfigurationPlatforms) = postSolution
		{1C424B20-5E0E-4B8E-AD62-D9163CFA38E5}.Debug|Any CPU.ActiveCfg = Debug|Any CPU
		{1C424B20-5E0E-4B8E-AD62-D9163CFA38E5}.Debug|Any CPU.Build.0 = Debug|Any CPU
		{1C424B20-5E0E-4B8E-AD62-D9163CFA38E5}.Release|Any CPU.ActiveCfg = Release|Any CPU
		{1C424B20-5E0E-4B8E-AD62-D9163CFA38E5}.Release|Any CPU.Build.0 = Release|Any CPU
	EndGlobalSection
	GlobalSection(SolutionProperties) = preSolution
		HideSolutionNode = FALSE
	EndGlobalSection
	GlobalSection(ExtensibilityGlobals) = postSolution
		SolutionGuid = {309A5928-A206-427F-817B-8BA25C11E922}
	EndGlobalSection
EndGlobal
